{
  "name": "@uditgoenka/tss",
  "version": "0.1.2",
  "lockfileVersion": 3,
  "requires": true,
  "packages": {
    "": {
      "name": "@uditgoenka/tss",
      "version": "0.1.2",
      "hasInstallScript": true,
      "license": "Apache-2.0",
      "bin": {
        "tss": "npm/bin/tss"
      },
      "engines": {
        "node": ">=18"
      }
    }
  }
}
